
Microsoft Visual Studio Solution File, Format Version 12.00
# Visual Studio 14
VisualStudioVersion = 14.0.25420.1
MinimumVisualStudioVersion = 10.0.40219.1
Project("{2150E333-8FDC-42A3-9474-1A3956D46DE8}") = ".paket", ".paket", "{1B4BA174-F17D-4532-9137-A83A9BBCFFDD}"
	ProjectSection(SolutionItems) = preProject
		.paket\paket.bootstrapper.exe = .paket\paket.bootstrapper.exe
		paket.dependencies = paket.dependencies
		paket.lock = paket.lock
		.paket\Readme.paket.md = .paket\Readme.paket.md
	EndProjectSection
EndProject
Project("{FAE04EC0-301F-11D3-BF4B-00C04F79EFBC}") = "Gu.Settings.Demo", "Gu.Settings.Demo\Gu.Settings.Demo.csproj", "{963F1418-ED9B-47C6-92B3-363C3720BEC5}"
EndProject
Project("{FAE04EC0-301F-11D3-BF4B-00C04F79EFBC}") = "Gu.Settings.RuntimeXml", "Gu.Settings.RuntimeXml\Gu.Settings.RuntimeXml.csproj", "{E2DE0B67-6A90-4CE9-8CF7-4118BBE9CF79}"
EndProject
Project("{FAE04EC0-301F-11D3-BF4B-00C04F79EFBC}") = "Gu.Settings.SystemXml", "Gu.Settings.SystemXml\Gu.Settings.SystemXml.csproj", "{686E3D46-4655-4E16-92BA-156275FA1FF2}"
EndProject
Project("{FAE04EC0-301F-11D3-BF4B-00C04F79EFBC}") = "Gu.Settings.RuntimeXml.Tests", "Gu.Settings.RuntimeXml.Tests\Gu.Settings.RuntimeXml.Tests.csproj", "{AA049462-982F-44EF-91A4-E0BE4AA3CCDF}"
EndProject
Project("{FAE04EC0-301F-11D3-BF4B-00C04F79EFBC}") = "Gu.Settings.SystemXml.Tests", "Gu.Settings.SystemXml.Tests\Gu.Settings.SystemXml.Tests.csproj", "{6D72ACFA-A440-41CF-8122-2972AA714E98}"
EndProject
Project("{FAE04EC0-301F-11D3-BF4B-00C04F79EFBC}") = "Gu.Settings.Core", "Gu.Settings.Core\Gu.Settings.Core.csproj", "{95985E35-6130-4442-ABD0-A460D9E6E328}"
EndProject
Project("{FAE04EC0-301F-11D3-BF4B-00C04F79EFBC}") = "Gu.Settings.Core.Tests", "Gu.Settings.Core.Tests\Gu.Settings.Core.Tests.csproj", "{CB570B6E-5AA8-4FD5-ADF4-1A1F58A136BC}"
EndProject
Project("{FAE04EC0-301F-11D3-BF4B-00C04F79EFBC}") = "Gu.Settings.RuntimeBinary", "Gu.Settings.RuntimeBinary\Gu.Settings.RuntimeBinary.csproj", "{12DC348E-F260-4F7C-8AC3-16D768D798B1}"
EndProject
Project("{FAE04EC0-301F-11D3-BF4B-00C04F79EFBC}") = "Gu.Settings.RuntimeBinary.Tests", "Gu.Settings.RuntimeBinary.Tests\Gu.Settings.RuntimeBinary.Tests.csproj", "{447F250E-6F7A-42F5-8E40-109DDE23F76B}"
EndProject
Project("{FAE04EC0-301F-11D3-BF4B-00C04F79EFBC}") = "Gu.Settings.NewtonsoftJson", "Gu.Settings.NewtonsoftJson\Gu.Settings.NewtonsoftJson.csproj", "{2710BB07-D45B-4F93-BB56-968F25D39C64}"
EndProject
Project("{FAE04EC0-301F-11D3-BF4B-00C04F79EFBC}") = "Gu.Settings.NewtonsoftJson.Tests", "Gu.Settings.NewtonsoftJson.Tests\Gu.Settings.NewtonsoftJson.Tests.csproj", "{EFF48C6B-4FB4-467D-A2E3-0EC8D7236D75}"
EndProject
Project("{FAE04EC0-301F-11D3-BF4B-00C04F79EFBC}") = "Gu.Settings.Git", "Gu.Settings.Git\Gu.Settings.Git.csproj", "{79B68617-9765-46F7-AC2A-38130ABCCCFA}"
EndProject
Project("{FAE04EC0-301F-11D3-BF4B-00C04F79EFBC}") = "Gu.Settings.Git.Tests", "Gu.Settings.Git.Tests\Gu.Settings.Git.Tests.csproj", "{4F79B49C-29CA-464C-B81D-C398B34173E4}"
EndProject
Project("{2150E333-8FDC-42A3-9474-1A3956D46DE8}") = ".docs", ".docs", "{8E6D19DD-C9F6-44B1-B980-CA07AE645636}"
	ProjectSection(SolutionItems) = preProject
		LICENSE = LICENSE
		README.md = README.md
		.paket\Readme.paket.md = .paket\Readme.paket.md
	EndProjectSection
EndProject
Global
	GlobalSection(SolutionConfigurationPlatforms) = preSolution
		Debug|Any CPU = Debug|Any CPU
		Release|Any CPU = Release|Any CPU
	EndGlobalSection
	GlobalSection(ProjectConfigurationPlatforms) = postSolution
		{963F1418-ED9B-47C6-92B3-363C3720BEC5}.Debug|Any CPU.ActiveCfg = Debug|Any CPU
		{963F1418-ED9B-47C6-92B3-363C3720BEC5}.Debug|Any CPU.Build.0 = Debug|Any CPU
		{963F1418-ED9B-47C6-92B3-363C3720BEC5}.Release|Any CPU.ActiveCfg = Release|Any CPU
		{963F1418-ED9B-47C6-92B3-363C3720BEC5}.Release|Any CPU.Build.0 = Release|Any CPU
		{E2DE0B67-6A90-4CE9-8CF7-4118BBE9CF79}.Debug|Any CPU.ActiveCfg = Debug|Any CPU
		{E2DE0B67-6A90-4CE9-8CF7-4118BBE9CF79}.Debug|Any CPU.Build.0 = Debug|Any CPU
		{E2DE0B67-6A90-4CE9-8CF7-4118BBE9CF79}.Release|Any CPU.ActiveCfg = Release|Any CPU
		{E2DE0B67-6A90-4CE9-8CF7-4118BBE9CF79}.Release|Any CPU.Build.0 = Release|Any CPU
		{686E3D46-4655-4E16-92BA-156275FA1FF2}.Debug|Any CPU.ActiveCfg = Debug|Any CPU
		{686E3D46-4655-4E16-92BA-156275FA1FF2}.Debug|Any CPU.Build.0 = Debug|Any CPU
		{686E3D46-4655-4E16-92BA-156275FA1FF2}.Release|Any CPU.ActiveCfg = Release|Any CPU
		{686E3D46-4655-4E16-92BA-156275FA1FF2}.Release|Any CPU.Build.0 = Release|Any CPU
		{AA049462-982F-44EF-91A4-E0BE4AA3CCDF}.Debug|Any CPU.ActiveCfg = Debug|Any CPU
		{AA049462-982F-44EF-91A4-E0BE4AA3CCDF}.Debug|Any CPU.Build.0 = Debug|Any CPU
		{AA049462-982F-44EF-91A4-E0BE4AA3CCDF}.Release|Any CPU.ActiveCfg = Release|Any CPU
		{AA049462-982F-44EF-91A4-E0BE4AA3CCDF}.Release|Any CPU.Build.0 = Release|Any CPU
		{6D72ACFA-A440-41CF-8122-2972AA714E98}.Debug|Any CPU.ActiveCfg = Debug|Any CPU
		{6D72ACFA-A440-41CF-8122-2972AA714E98}.Debug|Any CPU.Build.0 = Debug|Any CPU
		{6D72ACFA-A440-41CF-8122-2972AA714E98}.Release|Any CPU.ActiveCfg = Release|Any CPU
		{6D72ACFA-A440-41CF-8122-2972AA714E98}.Release|Any CPU.Build.0 = Release|Any CPU
		{95985E35-6130-4442-ABD0-A460D9E6E328}.Debug|Any CPU.ActiveCfg = Debug|Any CPU
		{95985E35-6130-4442-ABD0-A460D9E6E328}.Debug|Any CPU.Build.0 = Debug|Any CPU
		{95985E35-6130-4442-ABD0-A460D9E6E328}.Release|Any CPU.ActiveCfg = Release|Any CPU
		{95985E35-6130-4442-ABD0-A460D9E6E328}.Release|Any CPU.Build.0 = Release|Any CPU
		{CB570B6E-5AA8-4FD5-ADF4-1A1F58A136BC}.Debug|Any CPU.ActiveCfg = Debug|Any CPU
		{CB570B6E-5AA8-4FD5-ADF4-1A1F58A136BC}.Debug|Any CPU.Build.0 = Debug|Any CPU
		{CB570B6E-5AA8-4FD5-ADF4-1A1F58A136BC}.Release|Any CPU.ActiveCfg = Release|Any CPU
		{CB570B6E-5AA8-4FD5-ADF4-1A1F58A136BC}.Release|Any CPU.Build.0 = Release|Any CPU
		{12DC348E-F260-4F7C-8AC3-16D768D798B1}.Debug|Any CPU.ActiveCfg = Debug|Any CPU
		{12DC348E-F260-4F7C-8AC3-16D768D798B1}.Debug|Any CPU.Build.0 = Debug|Any CPU
		{12DC348E-F260-4F7C-8AC3-16D768D798B1}.Release|Any CPU.ActiveCfg = Release|Any CPU
		{12DC348E-F260-4F7C-8AC3-16D768D798B1}.Release|Any CPU.Build.0 = Release|Any CPU
		{447F250E-6F7A-42F5-8E40-109DDE23F76B}.Debug|Any CPU.ActiveCfg = Debug|Any CPU
		{447F250E-6F7A-42F5-8E40-109DDE23F76B}.Debug|Any CPU.Build.0 = Debug|Any CPU
		{447F250E-6F7A-42F5-8E40-109DDE23F76B}.Release|Any CPU.ActiveCfg = Release|Any CPU
		{447F250E-6F7A-42F5-8E40-109DDE23F76B}.Release|Any CPU.Build.0 = Release|Any CPU
		{2710BB07-D45B-4F93-BB56-968F25D39C64}.Debug|Any CPU.ActiveCfg = Debug|Any CPU
		{2710BB07-D45B-4F93-BB56-968F25D39C64}.Debug|Any CPU.Build.0 = Debug|Any CPU
		{2710BB07-D45B-4F93-BB56-968F25D39C64}.Release|Any CPU.ActiveCfg = Release|Any CPU
		{2710BB07-D45B-4F93-BB56-968F25D39C64}.Release|Any CPU.Build.0 = Release|Any CPU
		{EFF48C6B-4FB4-467D-A2E3-0EC8D7236D75}.Debug|Any CPU.ActiveCfg = Debug|Any CPU
		{EFF48C6B-4FB4-467D-A2E3-0EC8D7236D75}.Debug|Any CPU.Build.0 = Debug|Any CPU
		{EFF48C6B-4FB4-467D-A2E3-0EC8D7236D75}.Release|Any CPU.ActiveCfg = Release|Any CPU
		{EFF48C6B-4FB4-467D-A2E3-0EC8D7236D75}.Release|Any CPU.Build.0 = Release|Any CPU
		{79B68617-9765-46F7-AC2A-38130ABCCCFA}.Debug|Any CPU.ActiveCfg = Debug|Any CPU
		{79B68617-9765-46F7-AC2A-38130ABCCCFA}.Debug|Any CPU.Build.0 = Debug|Any CPU
		{79B68617-9765-46F7-AC2A-38130ABCCCFA}.Release|Any CPU.ActiveCfg = Release|Any CPU
		{79B68617-9765-46F7-AC2A-38130ABCCCFA}.Release|Any CPU.Build.0 = Release|Any CPU
		{4F79B49C-29CA-464C-B81D-C398B34173E4}.Debug|Any CPU.ActiveCfg = Debug|Any CPU
		{4F79B49C-29CA-464C-B81D-C398B34173E4}.Debug|Any CPU.Build.0 = Debug|Any CPU
		{4F79B49C-29CA-464C-B81D-C398B34173E4}.Release|Any CPU.ActiveCfg = Release|Any CPU
		{4F79B49C-29CA-464C-B81D-C398B34173E4}.Release|Any CPU.Build.0 = Release|Any CPU
	EndGlobalSection
	GlobalSection(SolutionProperties) = preSolution
		HideSolutionNode = FALSE
	EndGlobalSection
EndGlobal
